
Microsoft Visual Studio Solution File, Format Version 12.00
# Visual Studio 15
VisualStudioVersion = 15.0.28307.572
MinimumVisualStudioVersion = 10.0.40219.1
Project("{FAE04EC0-301F-11D3-BF4B-00C04F79EFBC}") = "Kindergarten", "Kindergarten.csproj", "{F59659B5-6AC8-4CA0-8FF2-B9885C1AF4AF}"
EndProject
Global
	GlobalSection(SolutionConfigurationPlatforms) = preSolution
		Debug|Any CPU = Debug|Any CPU
		Release|Any CPU = Release|Any CPU
	EndGlobalSection
	GlobalSection(ProjectConfigurationPlatforms) = postSolution
		{F59659B5-6AC8-4CA0-8FF2-B9885C1AF4AF}.Debug|Any CPU.ActiveCfg = Debug|Any CPU
		{F59659B5-6AC8-4CA0-8FF2-B9885C1AF4AF}.Debug|Any CPU.Build.0 = Debug|Any CPU
		{F59659B5-6AC8-4CA0-8FF2-B9885C1AF4AF}.Release|Any CPU.ActiveCfg = Release|Any CPU
		{F59659B5-6AC8-4CA0-8FF2-B9885C1AF4AF}.Release|Any CPU.Build.0 = Release|Any CPU
	EndGlobalSection
	GlobalSection(SolutionProperties) = preSolution
		HideSolutionNode = FALSE
	EndGlobalSection
	GlobalSection(ExtensibilityGlobals) = postSolution
		SolutionGuid = {5C3FA8A8-835F-456D-AB5E-393F830B42A4}
	EndGlobalSection
EndGlobal
